
Microsoft Visual Studio Solution File, Format Version 12.00
# Visual Studio Version 16
VisualStudioVersion = 16.0.30907.101
MinimumVisualStudioVersion = 10.0.40219.1
Project("{FAE04EC0-301F-11D3-BF4B-00C04F79EFBC}") = "EmpWageUsingClassMethod", "EmpWageUsingClassMethod\EmpWageUsingClassMethod.csproj", "{E09274A3-15C1-4EAA-8629-67514D14EC70}"
EndProject
Global
	GlobalSection(SolutionConfigurationPlatforms) = preSolution
		Debug|Any CPU = Debug|Any CPU
		Release|Any CPU = Release|Any CPU
	EndGlobalSection
	GlobalSection(ProjectConfigurationPlatforms) = postSolution
		{E09274A3-15C1-4EAA-8629-67514D14EC70}.Debug|Any CPU.ActiveCfg = Debug|Any CPU
		{E09274A3-15C1-4EAA-8629-67514D14EC70}.Debug|Any CPU.Build.0 = Debug|Any CPU
		{E09274A3-15C1-4EAA-8629-67514D14EC70}.Release|Any CPU.ActiveCfg = Release|Any CPU
		{E09274A3-15C1-4EAA-8629-67514D14EC70}.Release|Any CPU.Build.0 = Release|Any CPU
	EndGlobalSection
	GlobalSection(SolutionProperties) = preSolution
		HideSolutionNode = FALSE
	EndGlobalSection
	GlobalSection(ExtensibilityGlobals) = postSolution
		SolutionGuid = {F4FF5CC7-53C3-4D7D-A1F6-5A95664A7635}
	EndGlobalSection
EndGlobal
